
Microsoft Visual Studio Solution File, Format Version 12.00
# Visual Studio 15
VisualStudioVersion = 15.0.28307.421
MinimumVisualStudioVersion = 10.0.40219.1
Project("{E24C65DC-7377-472B-9ABA-BC803B73C61A}") = "demoProjectMay29", "demoProjectMay29\", "{A355C9AF-EAF4-4F32-BB5F-BDFB33FB4BDD}"
	ProjectSection(WebsiteProperties) = preProject
		TargetFrameworkMoniker = ".NETFramework,Version%3Dv4.6"
		Debug.AspNetCompiler.VirtualPath = "/localhost_52568"
		Debug.AspNetCompiler.PhysicalPath = "C:\Jenkins\workspace\Dotnet_Build\demoProjectMay29\demoProjectMay29"
		Debug.AspNetCompiler.TargetPath = "PrecompiledWeb\localhost_52568\"
		Debug.AspNetCompiler.Updateable = "true"
		Debug.AspNetCompiler.ForceOverwrite = "true"
		Debug.AspNetCompiler.FixedNames = "false"
		Debug.AspNetCompiler.Debug = "True"
		Release.AspNetCompiler.VirtualPath = "/localhost_52568"
		Release.AspNetCompiler.PhysicalPath = "C:\Jenkins\workspace\Dotnet_Build\demoProjectMay29\demoProjectMay29"
		Release.AspNetCompiler.TargetPath = "PrecompiledWeb\localhost_52568\"
		Release.AspNetCompiler.Updateable = "true"
		Release.AspNetCompiler.ForceOverwrite = "true"
		Release.AspNetCompiler.FixedNames = "false"
		Release.AspNetCompiler.Debug = "True"
		VWDPort = 52568
	EndProjectSection
EndProject
Global
	GlobalSection(SolutionConfigurationPlatforms) = preSolution
		Debug|Any CPU = Debug|Any CPU
	EndGlobalSection
	GlobalSection(ProjectConfigurationPlatforms) = postSolution
		{A355C9AF-EAF4-4F32-BB5F-BDFB33FB4BDD}.Debug|Any CPU.ActiveCfg = Debug|Any CPU
		{A355C9AF-EAF4-4F32-BB5F-BDFB33FB4BDD}.Debug|Any CPU.Build.0 = Debug|Any CPU
	EndGlobalSection
	GlobalSection(SolutionProperties) = preSolution
		HideSolutionNode = FALSE
	EndGlobalSection
	GlobalSection(ExtensibilityGlobals) = postSolution
		SolutionGuid = {1F22CC84-2D4A-4097-8CE0-9A5653903817}
	EndGlobalSection
EndGlobal
