
Microsoft Visual Studio Solution File, Format Version 12.00
# Visual Studio 15
VisualStudioVersion = 15.0.28307.421
MinimumVisualStudioVersion = 10.0.40219.1
Project("{E24C65DC-7377-472B-9ABA-BC803B73C61A}") = "ORACLE BPM ADMIN", "ORACLE BPM ADMIN\", "{39E42055-CA85-440E-BF17-78FBC3ED5519}"
	ProjectSection(WebsiteProperties) = preProject
		TargetFrameworkMoniker = ".NETFramework,Version%3Dv4.6.1"
		Debug.AspNetCompiler.VirtualPath = "/localhost_5626"
		Debug.AspNetCompiler.PhysicalPath = "C:\holmestest\orcl\ORACLE BPM ADMIN"
		Debug.AspNetCompiler.TargetPath = "PrecompiledWeb\localhost_5626\"
		Debug.AspNetCompiler.Updateable = "true"
		Debug.AspNetCompiler.ForceOverwrite = "true"
		Debug.AspNetCompiler.FixedNames = "false"
		Debug.AspNetCompiler.Debug = "True"
		Release.AspNetCompiler.VirtualPath = "/localhost_5626"
		Release.AspNetCompiler.PhysicalPath = "C:\holmestest\orcl\ORACLE BPM ADMIN"
		Release.AspNetCompiler.TargetPath = "PrecompiledWeb\localhost_5626\"
		Release.AspNetCompiler.Updateable = "true"
		Release.AspNetCompiler.ForceOverwrite = "true"
		Release.AspNetCompiler.FixedNames = "false"
		Release.AspNetCompiler.Debug = "True"
		VWDPort = 5626
	EndProjectSection
EndProject
Global
	GlobalSection(SolutionConfigurationPlatforms) = preSolution
		Debug|Any CPU = Debug|Any CPU
	EndGlobalSection
	GlobalSection(ProjectConfigurationPlatforms) = postSolution
		{39E42055-CA85-440E-BF17-78FBC3ED5519}.Debug|Any CPU.ActiveCfg = Debug|Any CPU
		{39E42055-CA85-440E-BF17-78FBC3ED5519}.Debug|Any CPU.Build.0 = Debug|Any CPU
	EndGlobalSection
	GlobalSection(SolutionProperties) = preSolution
		HideSolutionNode = FALSE
	EndGlobalSection
	GlobalSection(ExtensibilityGlobals) = postSolution
		SolutionGuid = {8AFC1B38-DFFE-454A-BAEB-5F88C9322820}
	EndGlobalSection
EndGlobal
